
Microsoft Visual Studio Solution File, Format Version 12.00
# Visual Studio Version 16
VisualStudioVersion = 16.0.32407.337
MinimumVisualStudioVersion = 10.0.40219.1
Project("{FAE04EC0-301F-11D3-BF4B-00C04F79EFBC}") = "tasktest", "tasktest\tasktest.csproj", "{B2C83D86-2480-42A1-8503-4ABA443735F6}"
EndProject
Global
	GlobalSection(SolutionConfigurationPlatforms) = preSolution
		Debug|Any CPU = Debug|Any CPU
		Release|Any CPU = Release|Any CPU
	EndGlobalSection
	GlobalSection(ProjectConfigurationPlatforms) = postSolution
		{B2C83D86-2480-42A1-8503-4ABA443735F6}.Debug|Any CPU.ActiveCfg = Debug|Any CPU
		{B2C83D86-2480-42A1-8503-4ABA443735F6}.Debug|Any CPU.Build.0 = Debug|Any CPU
		{B2C83D86-2480-42A1-8503-4ABA443735F6}.Release|Any CPU.ActiveCfg = Release|Any CPU
		{B2C83D86-2480-42A1-8503-4ABA443735F6}.Release|Any CPU.Build.0 = Release|Any CPU
	EndGlobalSection
	GlobalSection(SolutionProperties) = preSolution
		HideSolutionNode = FALSE
	EndGlobalSection
	GlobalSection(ExtensibilityGlobals) = postSolution
		SolutionGuid = {E10ABE7C-A3E5-4077-922D-98C22C27C620}
	EndGlobalSection
EndGlobal
