
Microsoft Visual Studio Solution File, Format Version 12.00
# Visual Studio Version 16
VisualStudioVersion = 16.0.32407.337
MinimumVisualStudioVersion = 10.0.40219.1
Project("{FAE04EC0-301F-11D3-BF4B-00C04F79EFBC}") = "Task1", "Task1\Task1.csproj", "{050BA3E6-6425-464E-9BAB-CBA917489F4F}"
EndProject
Global
	GlobalSection(SolutionConfigurationPlatforms) = preSolution
		Debug|Any CPU = Debug|Any CPU
		Release|Any CPU = Release|Any CPU
	EndGlobalSection
	GlobalSection(ProjectConfigurationPlatforms) = postSolution
		{050BA3E6-6425-464E-9BAB-CBA917489F4F}.Debug|Any CPU.ActiveCfg = Debug|Any CPU
		{050BA3E6-6425-464E-9BAB-CBA917489F4F}.Debug|Any CPU.Build.0 = Debug|Any CPU
		{050BA3E6-6425-464E-9BAB-CBA917489F4F}.Release|Any CPU.ActiveCfg = Release|Any CPU
		{050BA3E6-6425-464E-9BAB-CBA917489F4F}.Release|Any CPU.Build.0 = Release|Any CPU
	EndGlobalSection
	GlobalSection(SolutionProperties) = preSolution
		HideSolutionNode = FALSE
	EndGlobalSection
	GlobalSection(ExtensibilityGlobals) = postSolution
		SolutionGuid = {2566B785-9537-4270-9D64-32D5DB816DA1}
	EndGlobalSection
EndGlobal
