
Microsoft Visual Studio Solution File, Format Version 12.00
# Visual Studio Version 16
VisualStudioVersion = 16.0.32407.337
MinimumVisualStudioVersion = 10.0.40219.1
Project("{FAE04EC0-301F-11D3-BF4B-00C04F79EFBC}") = "Task7", "Task7\Task7.csproj", "{C919D129-3ADB-447A-8952-0F46AD4F9E02}"
EndProject
Global
	GlobalSection(SolutionConfigurationPlatforms) = preSolution
		Debug|Any CPU = Debug|Any CPU
		Release|Any CPU = Release|Any CPU
	EndGlobalSection
	GlobalSection(ProjectConfigurationPlatforms) = postSolution
		{C919D129-3ADB-447A-8952-0F46AD4F9E02}.Debug|Any CPU.ActiveCfg = Debug|Any CPU
		{C919D129-3ADB-447A-8952-0F46AD4F9E02}.Debug|Any CPU.Build.0 = Debug|Any CPU
		{C919D129-3ADB-447A-8952-0F46AD4F9E02}.Release|Any CPU.ActiveCfg = Release|Any CPU
		{C919D129-3ADB-447A-8952-0F46AD4F9E02}.Release|Any CPU.Build.0 = Release|Any CPU
	EndGlobalSection
	GlobalSection(SolutionProperties) = preSolution
		HideSolutionNode = FALSE
	EndGlobalSection
	GlobalSection(ExtensibilityGlobals) = postSolution
		SolutionGuid = {8EFF8F86-E694-4FD6-8DFC-86394BA7C020}
	EndGlobalSection
EndGlobal
