
Microsoft Visual Studio Solution File, Format Version 12.00
# Visual Studio Version 16
VisualStudioVersion = 16.0.32407.337
MinimumVisualStudioVersion = 10.0.40219.1
Project("{FAE04EC0-301F-11D3-BF4B-00C04F79EFBC}") = "Task2", "Task2\Task2.csproj", "{75425808-541C-4797-A132-BC40B6512FD4}"
EndProject
Global
	GlobalSection(SolutionConfigurationPlatforms) = preSolution
		Debug|Any CPU = Debug|Any CPU
		Release|Any CPU = Release|Any CPU
	EndGlobalSection
	GlobalSection(ProjectConfigurationPlatforms) = postSolution
		{75425808-541C-4797-A132-BC40B6512FD4}.Debug|Any CPU.ActiveCfg = Debug|Any CPU
		{75425808-541C-4797-A132-BC40B6512FD4}.Debug|Any CPU.Build.0 = Debug|Any CPU
		{75425808-541C-4797-A132-BC40B6512FD4}.Release|Any CPU.ActiveCfg = Release|Any CPU
		{75425808-541C-4797-A132-BC40B6512FD4}.Release|Any CPU.Build.0 = Release|Any CPU
	EndGlobalSection
	GlobalSection(SolutionProperties) = preSolution
		HideSolutionNode = FALSE
	EndGlobalSection
	GlobalSection(ExtensibilityGlobals) = postSolution
		SolutionGuid = {1233C056-B543-474A-A08C-255FBB424B5D}
	EndGlobalSection
EndGlobal
