
Microsoft Visual Studio Solution File, Format Version 12.00
# Visual Studio Version 16
VisualStudioVersion = 16.0.32407.337
MinimumVisualStudioVersion = 10.0.40219.1
Project("{FAE04EC0-301F-11D3-BF4B-00C04F79EFBC}") = "Task15", "Task15\Task15.csproj", "{61FE8BBA-396A-461F-A2E6-F29A4D6D47EE}"
EndProject
Global
	GlobalSection(SolutionConfigurationPlatforms) = preSolution
		Debug|Any CPU = Debug|Any CPU
		Release|Any CPU = Release|Any CPU
	EndGlobalSection
	GlobalSection(ProjectConfigurationPlatforms) = postSolution
		{61FE8BBA-396A-461F-A2E6-F29A4D6D47EE}.Debug|Any CPU.ActiveCfg = Debug|Any CPU
		{61FE8BBA-396A-461F-A2E6-F29A4D6D47EE}.Debug|Any CPU.Build.0 = Debug|Any CPU
		{61FE8BBA-396A-461F-A2E6-F29A4D6D47EE}.Release|Any CPU.ActiveCfg = Release|Any CPU
		{61FE8BBA-396A-461F-A2E6-F29A4D6D47EE}.Release|Any CPU.Build.0 = Release|Any CPU
	EndGlobalSection
	GlobalSection(SolutionProperties) = preSolution
		HideSolutionNode = FALSE
	EndGlobalSection
	GlobalSection(ExtensibilityGlobals) = postSolution
		SolutionGuid = {F580E0B4-1CBE-4E97-8380-FDEF458986CA}
	EndGlobalSection
EndGlobal
